// !$*UTF8*$!
{
	archiveVersion = 1;
	classes = {
	};
	objectVersion = 77;
	objects = {

/* Begin PBXContainerItemProxy section */
		B2DF232A2E0B4FC200B02556 /* PBXContainerItemProxy */ = {
			isa = PBXContainerItemProxy;
			containerPortal = B2DF23132E0B4FC000B02556 /* Project object */;
			proxyType = 1;
			remoteGlobalIDString = B2DF231A2E0B4FC000B02556;
			remoteInfo = "Speaker note";
		};
		B2DF23342E0B4FC200B02556 /* PBXContainerItemProxy */ = {
			isa = PBXContainerItemProxy;
			containerPortal = B2DF23132E0B4FC000B02556 /* Project object */;
			proxyType = 1;
			remoteGlobalIDString = B2DF231A2E0B4FC000B02556;
			remoteInfo = "Speaker note";
		};
/* End PBXContainerItemProxy section */

/* Begin PBXFileReference section */
		B2DF231B2E0B4FC000B02556 /* Speaker note.app */ = {isa = PBXFileReference; explicitFileType = wrapper.application; includeInIndex = 0; path = "Speaker note.app"; sourceTree = BUILT_PRODUCTS_DIR; };
		B2DF23292E0B4FC200B02556 /* Speaker noteTests.xctest */ = {isa = PBXFileReference; explicitFileType = wrapper.cfbundle; includeInIndex = 0; path = "Speaker noteTests.xctest"; sourceTree = BUILT_PRODUCTS_DIR; };
		B2DF23332E0B4FC200B02556 /* Speaker noteUITests.xctest */ = {isa = PBXFileReference; explicitFileType = wrapper.cfbundle; includeInIndex = 0; path = "Speaker noteUITests.xctest"; sourceTree = BUILT_PRODUCTS_DIR; };
/* End PBXFileReference section */

/* Begin PBXFileSystemSynchronizedRootGroup section */
		B2DF231D2E0B4FC000B02556 /* Speaker note */ = {
			isa = PBXFileSystemSynchronizedRootGroup;
			path = "Speaker note";
			sourceTree = "<group>";
		};
		B2DF232C2E0B4FC200B02556 /* Speaker noteTests */ = {
			isa = PBXFileSystemSynchronizedRootGroup;
			path = "Speaker noteTests";
			sourceTree = "<group>";
		};
		B2DF23362E0B4FC200B02556 /* Speaker noteUITests */ = {
			isa = PBXFileSystemSynchronizedRootGroup;
			path = "Speaker noteUITests";
			sourceTree = "<group>";
		};
/* End PBXFileSystemSynchronizedRootGroup section */

/* Begin PBXFrameworksBuildPhase section */
		B2DF23182E0B4FC000B02556 /* Frameworks */ = {
			isa = PBXFrameworksBuildPhase;
			buildActionMask = 2147483647;
			files = (
			);
			runOnlyForDeploymentPostprocessing = 0;
		};
		B2DF23262E0B4FC200B02556 /* Frameworks */ = {
			isa = PBXFrameworksBuildPhase;
			buildActionMask = 2147483647;
			files = (
			);
			runOnlyForDeploymentPostprocessing = 0;
		};
		B2DF23302E0B4FC200B02556 /* Frameworks */ = {
			isa = PBXFrameworksBuildPhase;
			buildActionMask = 2147483647;
			files = (
			);
			runOnlyForDeploymentPostprocessing = 0;
		};
/* End PBXFrameworksBuildPhase section */

/* Begin PBXGroup section */
		B2DF23122E0B4FC000B02556 = {
			isa = PBXGroup;
			children = (
				B2DF231D2E0B4FC000B02556 /* Speaker note */,
				B2DF232C2E0B4FC200B02556 /* Speaker noteTests */,
				B2DF23362E0B4FC200B02556 /* Speaker noteUITests */,
				B2DF231C2E0B4FC000B02556 /* Products */,
			);
			sourceTree = "<group>";
		};
		B2DF231C2E0B4FC000B02556 /* Products */ = {
			isa = PBXGroup;
			children = (
				B2DF231B2E0B4FC000B02556 /* Speaker note.app */,
				B2DF23292E0B4FC200B02556 /* Speaker noteTests.xctest */,
				B2DF23332E0B4FC200B02556 /* Speaker noteUITests.xctest */,
			);
			name = Products;
			sourceTree = "<group>";
		};
/* End PBXGroup section */

/* Begin PBXNativeTarget section */
		B2DF231A2E0B4FC000B02556 /* Speaker note */ = {
			isa = PBXNativeTarget;
			buildConfigurationList = B2DF233D2E0B4FC200B02556 /* Build configuration list for PBXNativeTarget "Speaker note" */;
			buildPhases = (
				B2DF23172E0B4FC000B02556 /* Sources */,
				B2DF23182E0B4FC000B02556 /* Frameworks */,
				B2DF23192E0B4FC000B02556 /* Resources */,
			);
			buildRules = (
			);
			dependencies = (
			);
			fileSystemSynchronizedGroups = (
				B2DF231D2E0B4FC000B02556 /* Speaker note */,
			);
			name = "Speaker note";
			packageProductDependencies = (
			);
			productName = "Speaker note";
			productReference = B2DF231B2E0B4FC000B02556 /* Speaker note.app */;
			productType = "com.apple.product-type.application";
		};
		B2DF23282E0B4FC200B02556 /* Speaker noteTests */ = {
			isa = PBXNativeTarget;
			buildConfigurationList = B2DF23402E0B4FC200B02556 /* Build configuration list for PBXNativeTarget "Speaker noteTests" */;
			buildPhases = (
				B2DF23252E0B4FC200B02556 /* Sources */,
				B2DF23262E0B4FC200B02556 /* Frameworks */,
				B2DF23272E0B4FC200B02556 /* Resources */,
			);
			buildRules = (
			);
			dependencies = (
				B2DF232B2E0B4FC200B02556 /* PBXTargetDependency */,
			);
			fileSystemSynchronizedGroups = (
				B2DF232C2E0B4FC200B02556 /* Speaker noteTests */,
			);
			name = "Speaker noteTests";
			packageProductDependencies = (
			);
			productName = "Speaker noteTests";
			productReference = B2DF23292E0B4FC200B02556 /* Speaker noteTests.xctest */;
			productType = "com.apple.product-type.bundle.unit-test";
		};
		B2DF23322E0B4FC200B02556 /* Speaker noteUITests */ = {
			isa = PBXNativeTarget;
			buildConfigurationList = B2DF23432E0B4FC200B02556 /* Build configuration list for PBXNativeTarget "Speaker noteUITests" */;
			buildPhases = (
				B2DF232F2E0B4FC200B02556 /* Sources */,
				B2DF23302E0B4FC200B02556 /* Frameworks */,
				B2DF23312E0B4FC200B02556 /* Resources */,
			);
			buildRules = (
			);
			dependencies = (
				B2DF23352E0B4FC200B02556 /* PBXTargetDependency */,
			);
			fileSystemSynchronizedGroups = (
				B2DF23362E0B4FC200B02556 /* Speaker noteUITests */,
			);
			name = "Speaker noteUITests";
			packageProductDependencies = (
			);
			productName = "Speaker noteUITests";
			productReference = B2DF23332E0B4FC200B02556 /* Speaker noteUITests.xctest */;
			productType = "com.apple.product-type.bundle.ui-testing";
		};
/* End PBXNativeTarget section */

/* Begin PBXProject section */
		B2DF23132E0B4FC000B02556 /* Project object */ = {
			isa = PBXProject;
			attributes = {
				BuildIndependentTargetsInParallel = 1;
				LastSwiftUpdateCheck = 1640;
				LastUpgradeCheck = 1640;
				TargetAttributes = {
					B2DF231A2E0B4FC000B02556 = {
						CreatedOnToolsVersion = 16.4;
					};
					B2DF23282E0B4FC200B02556 = {
						CreatedOnToolsVersion = 16.4;
						TestTargetID = B2DF231A2E0B4FC000B02556;
					};
					B2DF23322E0B4FC200B02556 = {
						CreatedOnToolsVersion = 16.4;
						TestTargetID = B2DF231A2E0B4FC000B02556;
					};
				};
			};
			buildConfigurationList = B2DF23162E0B4FC000B02556 /* Build configuration list for PBXProject "Speaker note" */;
			developmentRegion = en;
			hasScannedForEncodings = 0;
			knownRegions = (
				en,
				Base,
			);
			mainGroup = B2DF23122E0B4FC000B02556;
			minimizedProjectReferenceProxies = 1;
			preferredProjectObjectVersion = 77;
			productRefGroup = B2DF231C2E0B4FC000B02556 /* Products */;
			projectDirPath = "";
			projectRoot = "";
			targets = (
				B2DF231A2E0B4FC000B02556 /* Speaker note */,
				B2DF23282E0B4FC200B02556 /* Speaker noteTests */,
				B2DF23322E0B4FC200B02556 /* Speaker noteUITests */,
			);
		};
/* End PBXProject section */

/* Begin PBXResourcesBuildPhase section */
		B2DF23192E0B4FC000B02556 /* Resources */ = {
			isa = PBXResourcesBuildPhase;
			buildActionMask = 2147483647;
			files = (
			);
			runOnlyForDeploymentPostprocessing = 0;
		};
		B2DF23272E0B4FC200B02556 /* Resources */ = {
			isa = PBXResourcesBuildPhase;
			buildActionMask = 2147483647;
			files = (
			);
			runOnlyForDeploymentPostprocessing = 0;
		};
		B2DF23312E0B4FC200B02556 /* Resources */ = {
			isa = PBXResourcesBuildPhase;
			buildActionMask = 2147483647;
			files = (
			);
			runOnlyForDeploymentPostprocessing = 0;
		};
/* End PBXResourcesBuildPhase section */

/* Begin PBXSourcesBuildPhase section */
		B2DF23172E0B4FC000B02556 /* Sources */ = {
			isa = PBXSourcesBuildPhase;
			buildActionMask = 2147483647;
			files = (
			);
			runOnlyForDeploymentPostprocessing = 0;
		};
		B2DF23252E0B4FC200B02556 /* Sources */ = {
			isa = PBXSourcesBuildPhase;
			buildActionMask = 2147483647;
			files = (
			);
			runOnlyForDeploymentPostprocessing = 0;
		};
		B2DF232F2E0B4FC200B02556 /* Sources */ = {
			isa = PBXSourcesBuildPhase;
			buildActionMask = 2147483647;
			files = (
			);
			runOnlyForDeploymentPostprocessing = 0;
		};
/* End PBXSourcesBuildPhase section */

/* Begin PBXTargetDependency section */
		B2DF232B2E0B4FC200B02556 /* PBXTargetDependency */ = {
			isa = PBXTargetDependency;
			target = B2DF231A2E0B4FC000B02556 /* Speaker note */;
			targetProxy = B2DF232A2E0B4FC200B02556 /* PBXContainerItemProxy */;
		};
		B2DF23352E0B4FC200B02556 /* PBXTargetDependency */ = {
			isa = PBXTargetDependency;
			target = B2DF231A2E0B4FC000B02556 /* Speaker note */;
			targetProxy = B2DF23342E0B4FC200B02556 /* PBXContainerItemProxy */;
		};
/* End PBXTargetDependency section */

/* Begin XCBuildConfiguration section */
		B2DF233B2E0B4FC200B02556 /* Debug */ = {
			isa = XCBuildConfiguration;
			buildSettings = {
				ALWAYS_SEARCH_USER_PATHS = NO;
				ASSETCATALOG_COMPILER_GENERATE_SWIFT_ASSET_SYMBOL_EXTENSIONS = YES;
				CLANG_ANALYZER_NONNULL = YES;
				CLANG_ANALYZER_NUMBER_OBJECT_CONVERSION = YES_AGGRESSIVE;
				CLANG_CXX_LANGUAGE_STANDARD = "gnu++20";
				CLANG_ENABLE_MODULES = YES;
				CLANG_ENABLE_OBJC_ARC = YES;
				CLANG_ENABLE_OBJC_WEAK = YES;
				CLANG_WARN_BLOCK_CAPTURE_AUTORELEASING = YES;
				CLANG_WARN_BOOL_CONVERSION = YES;
				CLANG_WARN_COMMA = YES;
				CLANG_WARN_CONSTANT_CONVERSION = YES;
				CLANG_WARN_DEPRECATED_OBJC_IMPLEMENTATIONS = YES;
				CLANG_WARN_DIRECT_OBJC_ISA_USAGE = YES_ERROR;
				CLANG_WARN_DOCUMENTATION_COMMENTS = YES;
				CLANG_WARN_EMPTY_BODY = YES;
				CLANG_WARN_ENUM_CONVERSION = YES;
				CLANG_WARN_INFINITE_RECURSION = YES;
				CLANG_WARN_INT_CONVERSION = YES;
				CLANG_WARN_NON_LITERAL_NULL_CONVERSION = YES;
				CLANG_WARN_OBJC_IMPLICIT_RETAIN_SELF = YES;
				CLANG_WARN_OBJC_LITERAL_CONVERSION = YES;
				CLANG_WARN_OBJC_ROOT_CLASS = YES_ERROR;
				CLANG_WARN_QUOTED_INCLUDE_IN_FRAMEWORK_HEADER = YES;
				CLANG_WARN_RANGE_LOOP_ANALYSIS = YES;
				CLANG_WARN_STRICT_PROTOTYPES = YES;
				CLANG_WARN_SUSPICIOUS_MOVE = YES;
				CLANG_WARN_UNGUARDED_AVAILABILITY = YES_AGGRESSIVE;
				CLANG_WARN_UNREACHABLE_CODE = YES;
				CLANG_WARN__DUPLICATE_METHOD_MATCH = YES;
				COPY_PHASE_STRIP = NO;
				DEBUG_INFORMATION_FORMAT = dwarf;
				DEVELOPMENT_TEAM = 4QQCDR2RZU;
				ENABLE_STRICT_OBJC_MSGSEND = YES;
				ENABLE_TESTABILITY = YES;
				ENABLE_USER_SCRIPT_SANDBOXING = YES;
				GCC_C_LANGUAGE_STANDARD = gnu17;
				GCC_DYNAMIC_NO_PIC = NO;
				GCC_NO_COMMON_BLOCKS = YES;
				GCC_OPTIMIZATION_LEVEL = 0;
				GCC_PREPROCESSOR_DEFINITIONS = (
					"DEBUG=1",
					"$(inherited)",
				);
				GCC_WARN_64_TO_32_BIT_CONVERSION = YES;
				GCC_WARN_ABOUT_RETURN_TYPE = YES_ERROR;
				GCC_WARN_UNDECLARED_SELECTOR = YES;
				GCC_WARN_UNINITIALIZED_AUTOS = YES_AGGRESSIVE;
				GCC_WARN_UNUSED_FUNCTION = YES;
				GCC_WARN_UNUSED_VARIABLE = YES;
				LOCALIZATION_PREFERS_STRING_CATALOGS = YES;
				MACOSX_DEPLOYMENT_TARGET = 15.5;
				MTL_ENABLE_DEBUG_INFO = INCLUDE_SOURCE;
				MTL_FAST_MATH = YES;
				ONLY_ACTIVE_ARCH = YES;
				SDKROOT = macosx;
				SWIFT_ACTIVE_COMPILATION_CONDITIONS = "DEBUG $(inherited)";
				SWIFT_OPTIMIZATION_LEVEL = "-Onone";
			};
			name = Debug;
		};
		B2DF233C2E0B4FC200B02556 /* Release */ = {
			isa = XCBuildConfiguration;
			buildSettings = {
				ALWAYS_SEARCH_USER_PATHS = NO;
				ASSETCATALOG_COMPILER_GENERATE_SWIFT_ASSET_SYMBOL_EXTENSIONS = YES;
				CLANG_ANALYZER_NONNULL = YES;
				CLANG_ANALYZER_NUMBER_OBJECT_CONVERSION = YES_AGGRESSIVE;
				CLANG_CXX_LANGUAGE_STANDARD = "gnu++20";
				CLANG_ENABLE_MODULES = YES;
				CLANG_ENABLE_OBJC_ARC = YES;
				CLANG_ENABLE_OBJC_WEAK = YES;
				CLANG_WARN_BLOCK_CAPTURE_AUTORELEASING = YES;
				CLANG_WARN_BOOL_CONVERSION = YES;
				CLANG_WARN_COMMA = YES;
				CLANG_WARN_CONSTANT_CONVERSION = YES;
				CLANG_WARN_DEPRECATED_OBJC_IMPLEMENTATIONS = YES;
				CLANG_WARN_DIRECT_OBJC_ISA_USAGE = YES_ERROR;
				CLANG_WARN_DOCUMENTATION_COMMENTS = YES;
				CLANG_WARN_EMPTY_BODY = YES;
				CLANG_WARN_ENUM_CONVERSION = YES;
				CLANG_WARN_INFINITE_RECURSION = YES;
				CLANG_WARN_INT_CONVERSION = YES;
				CLANG_WARN_NON_LITERAL_NULL_CONVERSION = YES;
				CLANG_WARN_OBJC_IMPLICIT_RETAIN_SELF = YES;
				CLANG_WARN_OBJC_LITERAL_CONVERSION = YES;
				CLANG_WARN_OBJC_ROOT_CLASS = YES_ERROR;
				CLANG_WARN_QUOTED_INCLUDE_IN_FRAMEWORK_HEADER = YES;
				CLANG_WARN_RANGE_LOOP_ANALYSIS = YES;
				CLANG_WARN_STRICT_PROTOTYPES = YES;
				CLANG_WARN_SUSPICIOUS_MOVE = YES;
				CLANG_WARN_UNGUARDED_AVAILABILITY = YES_AGGRESSIVE;
				CLANG_WARN_UNREACHABLE_CODE = YES;
				CLANG_WARN__DUPLICATE_METHOD_MATCH = YES;
				COPY_PHASE_STRIP = NO;
				DEBUG_INFORMATION_FORMAT = "dwarf-with-dsym";
				DEVELOPMENT_TEAM = 4QQCDR2RZU;
				ENABLE_NS_ASSERTIONS = NO;
				ENABLE_STRICT_OBJC_MSGSEND = YES;
				ENABLE_USER_SCRIPT_SANDBOXING = YES;
				GCC_C_LANGUAGE_STANDARD = gnu17;
				GCC_NO_COMMON_BLOCKS = YES;
				GCC_WARN_64_TO_32_BIT_CONVERSION = YES;
				GCC_WARN_ABOUT_RETURN_TYPE = YES_ERROR;
				GCC_WARN_UNDECLARED_SELECTOR = YES;
				GCC_WARN_UNINITIALIZED_AUTOS = YES_AGGRESSIVE;
				GCC_WARN_UNUSED_FUNCTION = YES;
				GCC_WARN_UNUSED_VARIABLE = YES;
				LOCALIZATION_PREFERS_STRING_CATALOGS = YES;
				MACOSX_DEPLOYMENT_TARGET = 15.5;
				MTL_ENABLE_DEBUG_INFO = NO;
				MTL_FAST_MATH = YES;
				SDKROOT = macosx;
				SWIFT_COMPILATION_MODE = wholemodule;
			};
			name = Release;
		};
		B2DF233E2E0B4FC200B02556 /* Debug */ = {
			isa = XCBuildConfiguration;
			buildSettings = {
				ASSETCATALOG_COMPILER_APPICON_NAME = AppIcon;
				ASSETCATALOG_COMPILER_GLOBAL_ACCENT_COLOR_NAME = AccentColor;
				CODE_SIGN_ENTITLEMENTS = "Speaker note/Speaker_note.entitlements";
				CODE_SIGN_STYLE = Automatic;
				COMBINE_HIDPI_IMAGES = YES;
				CURRENT_PROJECT_VERSION = 1;
				DEVELOPMENT_TEAM = 4QQCDR2RZU;
				ENABLE_HARDENED_RUNTIME = YES;
				ENABLE_PREVIEWS = YES;
				GENERATE_INFOPLIST_FILE = YES;
				INFOPLIST_KEY_NSHumanReadableCopyright = "";
				LD_RUNPATH_SEARCH_PATHS = (
					"$(inherited)",
					"@executable_path/../Frameworks",
				);
				MARKETING_VERSION = 1.0;
				PRODUCT_BUNDLE_IDENTIFIER = "Ola.Speaker-note";
				PRODUCT_NAME = "$(TARGET_NAME)";
				REGISTER_APP_GROUPS = YES;
				SWIFT_EMIT_LOC_STRINGS = YES;
				SWIFT_VERSION = 5.0;
			};
			name = Debug;
		};
		B2DF233F2E0B4FC200B02556 /* Release */ = {
			isa = XCBuildConfiguration;
			buildSettings = {
				ASSETCATALOG_COMPILER_APPICON_NAME = AppIcon;
				ASSETCATALOG_COMPILER_GLOBAL_ACCENT_COLOR_NAME = AccentColor;
				CODE_SIGN_ENTITLEMENTS = "Speaker note/Speaker_note.entitlements";
				CODE_SIGN_STYLE = Automatic;
				COMBINE_HIDPI_IMAGES = YES;
				CURRENT_PROJECT_VERSION = 1;
				DEVELOPMENT_TEAM = 4QQCDR2RZU;
				ENABLE_HARDENED_RUNTIME = YES;
				ENABLE_PREVIEWS = YES;
				GENERATE_INFOPLIST_FILE = YES;
				INFOPLIST_KEY_NSHumanReadableCopyright = "";
				LD_RUNPATH_SEARCH_PATHS = (
					"$(inherited)",
					"@executable_path/../Frameworks",
				);
				MARKETING_VERSION = 1.0;
				PRODUCT_BUNDLE_IDENTIFIER = "Ola.Speaker-note";
				PRODUCT_NAME = "$(TARGET_NAME)";
				REGISTER_APP_GROUPS = YES;
				SWIFT_EMIT_LOC_STRINGS = YES;
				SWIFT_VERSION = 5.0;
			};
			name = Release;
		};
		B2DF23412E0B4FC200B02556 /* Debug */ = {
			isa = XCBuildConfiguration;
			buildSettings = {
				BUNDLE_LOADER = "$(TEST_HOST)";
				CODE_SIGN_STYLE = Automatic;
				CURRENT_PROJECT_VERSION = 1;
				DEVELOPMENT_TEAM = 4QQCDR2RZU;
				GENERATE_INFOPLIST_FILE = YES;
				MACOSX_DEPLOYMENT_TARGET = 15.5;
				MARKETING_VERSION = 1.0;
				PRODUCT_BUNDLE_IDENTIFIER = "Ola.Speaker-noteTests";
				PRODUCT_NAME = "$(TARGET_NAME)";
				SWIFT_EMIT_LOC_STRINGS = NO;
				SWIFT_VERSION = 5.0;
				TEST_HOST = "$(BUILT_PRODUCTS_DIR)/Speaker note.app/$(BUNDLE_EXECUTABLE_FOLDER_PATH)/Speaker note";
			};
			name = Debug;
		};
		B2DF23422E0B4FC200B02556 /* Release */ = {
			isa = XCBuildConfiguration;
			buildSettings = {
				BUNDLE_LOADER = "$(TEST_HOST)";
				CODE_SIGN_STYLE = Automatic;
				CURRENT_PROJECT_VERSION = 1;
				DEVELOPMENT_TEAM = 4QQCDR2RZU;
				GENERATE_INFOPLIST_FILE = YES;
				MACOSX_DEPLOYMENT_TARGET = 15.5;
				MARKETING_VERSION = 1.0;
				PRODUCT_BUNDLE_IDENTIFIER = "Ola.Speaker-noteTests";
				PRODUCT_NAME = "$(TARGET_NAME)";
				SWIFT_EMIT_LOC_STRINGS = NO;
				SWIFT_VERSION = 5.0;
				TEST_HOST = "$(BUILT_PRODUCTS_DIR)/Speaker note.app/$(BUNDLE_EXECUTABLE_FOLDER_PATH)/Speaker note";
			};
			name = Release;
		};
		B2DF23442E0B4FC200B02556 /* Debug */ = {
			isa = XCBuildConfiguration;
			buildSettings = {
				CODE_SIGN_STYLE = Automatic;
				CURRENT_PROJECT_VERSION = 1;
				DEVELOPMENT_TEAM = 4QQCDR2RZU;
				GENERATE_INFOPLIST_FILE = YES;
				MARKETING_VERSION = 1.0;
				PRODUCT_BUNDLE_IDENTIFIER = "Ola.Speaker-noteUITests";
				PRODUCT_NAME = "$(TARGET_NAME)";
				SWIFT_EMIT_LOC_STRINGS = NO;
				SWIFT_VERSION = 5.0;
				TEST_TARGET_NAME = "Speaker note";
			};
			name = Debug;
		};
		B2DF23452E0B4FC200B02556 /* Release */ = {
			isa = XCBuildConfiguration;
			buildSettings = {
				CODE_SIGN_STYLE = Automatic;
				CURRENT_PROJECT_VERSION = 1;
				DEVELOPMENT_TEAM = 4QQCDR2RZU;
				GENERATE_INFOPLIST_FILE = YES;
				MARKETING_VERSION = 1.0;
				PRODUCT_BUNDLE_IDENTIFIER = "Ola.Speaker-noteUITests";
				PRODUCT_NAME = "$(TARGET_NAME)";
				SWIFT_EMIT_LOC_STRINGS = NO;
				SWIFT_VERSION = 5.0;
				TEST_TARGET_NAME = "Speaker note";
			};
			name = Release;
		};
/* End XCBuildConfiguration section */

/* Begin XCConfigurationList section */
		B2DF23162E0B4FC000B02556 /* Build configuration list for PBXProject "Speaker note" */ = {
			isa = XCConfigurationList;
			buildConfigurations = (
				B2DF233B2E0B4FC200B02556 /* Debug */,
				B2DF233C2E0B4FC200B02556 /* Release */,
			);
			defaultConfigurationIsVisible = 0;
			defaultConfigurationName = Release;
		};
		B2DF233D2E0B4FC200B02556 /* Build configuration list for PBXNativeTarget "Speaker note" */ = {
			isa = XCConfigurationList;
			buildConfigurations = (
				B2DF233E2E0B4FC200B02556 /* Debug */,
				B2DF233F2E0B4FC200B02556 /* Release */,
			);
			defaultConfigurationIsVisible = 0;
			defaultConfigurationName = Release;
		};
		B2DF23402E0B4FC200B02556 /* Build configuration list for PBXNativeTarget "Speaker noteTests" */ = {
			isa = XCConfigurationList;
			buildConfigurations = (
				B2DF23412E0B4FC200B02556 /* Debug */,
				B2DF23422E0B4FC200B02556 /* Release */,
			);
			defaultConfigurationIsVisible = 0;
			defaultConfigurationName = Release;
		};
		B2DF23432E0B4FC200B02556 /* Build configuration list for PBXNativeTarget "Speaker noteUITests" */ = {
			isa = XCConfigurationList;
			buildConfigurations = (
				B2DF23442E0B4FC200B02556 /* Debug */,
				B2DF23452E0B4FC200B02556 /* Release */,
			);
			defaultConfigurationIsVisible = 0;
			defaultConfigurationName = Release;
		};
/* End XCConfigurationList section */
	};
	rootObject = B2DF23132E0B4FC000B02556 /* Project object */;
}
